
Microsoft Visual Studio Solution File, Format Version 12.00
# Visual Studio 15
VisualStudioVersion = 15.0.28307.168
MinimumVisualStudioVersion = 10.0.40219.1
Project("{888888A0-9F3D-457C-B088-3A5042F75D52}") = "HelloWorld1", "HelloWorld1.pyproj", "{A1B42AF6-D811-45BD-A3A2-8A663DA082C2}"
EndProject
Global
	GlobalSection(SolutionConfigurationPlatforms) = preSolution
		Debug|Any CPU = Debug|Any CPU
		Release|Any CPU = Release|Any CPU
	EndGlobalSection
	GlobalSection(ProjectConfigurationPlatforms) = postSolution
		{A1B42AF6-D811-45BD-A3A2-8A663DA082C2}.Debug|Any CPU.ActiveCfg = Debug|Any CPU
		{A1B42AF6-D811-45BD-A3A2-8A663DA082C2}.Release|Any CPU.ActiveCfg = Release|Any CPU
	EndGlobalSection
	GlobalSection(SolutionProperties) = preSolution
		HideSolutionNode = FALSE
	EndGlobalSection
	GlobalSection(ExtensibilityGlobals) = postSolution
		SolutionGuid = {977E62CB-24B0-468E-86F1-EF647447A89E}
	EndGlobalSection
EndGlobal
