
Microsoft Visual Studio Solution File, Format Version 12.00
# Visual Studio 15
VisualStudioVersion = 15.0.28307.168
MinimumVisualStudioVersion = 10.0.40219.1
Project("{888888A0-9F3D-457C-B088-3A5042F75D52}") = "DjangoWebProjectVS", "DjangoWebProjectVS\DjangoWebProjectVS.pyproj", "{EE464453-3488-490F-9936-B2B8719CB9EB}"
EndProject
Global
	GlobalSection(SolutionConfigurationPlatforms) = preSolution
		Debug|Any CPU = Debug|Any CPU
		Release|Any CPU = Release|Any CPU
	EndGlobalSection
	GlobalSection(ProjectConfigurationPlatforms) = postSolution
		{EE464453-3488-490F-9936-B2B8719CB9EB}.Debug|Any CPU.ActiveCfg = Debug|Any CPU
		{EE464453-3488-490F-9936-B2B8719CB9EB}.Debug|Any CPU.Build.0 = Debug|Any CPU
		{EE464453-3488-490F-9936-B2B8719CB9EB}.Release|Any CPU.ActiveCfg = Release|Any CPU
		{EE464453-3488-490F-9936-B2B8719CB9EB}.Release|Any CPU.Build.0 = Release|Any CPU
	EndGlobalSection
	GlobalSection(SolutionProperties) = preSolution
		HideSolutionNode = FALSE
	EndGlobalSection
	GlobalSection(ExtensibilityGlobals) = postSolution
		SolutionGuid = {92931CD8-C048-421A-B595-A4BE2C60CB4E}
	EndGlobalSection
EndGlobal
